
Microsoft Visual Studio Solution File, Format Version 12.00
Project("{FAE04EC0-301F-11D3-BF4B-00C04F79EFBC}") = "Video Converter", "Video Converter\Video Converter.csproj", "{AA09EF98-FEC5-4EC1-A89F-0F3418B5BA71}"
EndProject
Global
	GlobalSection(SolutionConfigurationPlatforms) = preSolution
		Debug|Any CPU = Debug|Any CPU
		Release|Any CPU = Release|Any CPU
	EndGlobalSection
	GlobalSection(ProjectConfigurationPlatforms) = postSolution
		{AA09EF98-FEC5-4EC1-A89F-0F3418B5BA71}.Debug|Any CPU.ActiveCfg = Debug|Any CPU
		{AA09EF98-FEC5-4EC1-A89F-0F3418B5BA71}.Debug|Any CPU.Build.0 = Debug|Any CPU
		{AA09EF98-FEC5-4EC1-A89F-0F3418B5BA71}.Release|Any CPU.ActiveCfg = Release|Any CPU
		{AA09EF98-FEC5-4EC1-A89F-0F3418B5BA71}.Release|Any CPU.Build.0 = Release|Any CPU
	EndGlobalSection
EndGlobal
